{
  "name": "text-to-speach-with-py-and-js",
  "version": "1.0.0",
  "lockfileVersion": 3,
  "requires": true,
  "packages": {
    "": {
      "name": "text-to-speach-with-py-and-js",
      "version": "1.0.0",
      "license": "ISC",
      "dependencies": {
        "tts": "^0.1.0"
      }
    },
    "node_modules/tts": {
      "version": "0.1.0",
      "resolved": "https://registry.npmjs.org/tts/-/tts-0.1.0.tgz",
      "integrity": "sha512-1Q/HPjks+vCT7xbmajhRVfsIVyMmWD2ecKS2K5X43ewUgvUZJXq4uHsD99+dIjJXknAMj+ttrmRh+re2+5xZiw=="
    }
  }
}
